// !$*UTF8*$!
{
	archiveVersion = 1;
	classes = {
	};
	objectVersion = 46;
	objects = {

/* Begin PBXBuildFile section */
		2CAEA42B1EC57B4E009832FE /* AppDelegate.swift in Sources */ = {isa = PBXBuildFile; fileRef = 2CAEA42A1EC57B4E009832FE /* AppDelegate.swift */; };
		2CAEA42D1EC57B4E009832FE /* ViewController.swift in Sources */ = {isa = PBXBuildFile; fileRef = 2CAEA42C1EC57B4E009832FE /* ViewController.swift */; };
		2CAEA4301EC57B4F009832FE /* Main.storyboard in Resources */ = {isa = PBXBuildFile; fileRef = 2CAEA42E1EC57B4F009832FE /* Main.storyboard */; };
		2CAEA4331EC57B4F009832FE /* Gallery.xcdatamodeld in Sources */ = {isa = PBXBuildFile; fileRef = 2CAEA4311EC57B4F009832FE /* Gallery.xcdatamodeld */; };
		2CAEA4351EC57B4F009832FE /* Assets.xcassets in Resources */ = {isa = PBXBuildFile; fileRef = 2CAEA4341EC57B4F009832FE /* Assets.xcassets */; };
		2CAEA4381EC57B4F009832FE /* LaunchScreen.storyboard in Resources */ = {isa = PBXBuildFile; fileRef = 2CAEA4361EC57B4F009832FE /* LaunchScreen.storyboard */; };
/* End PBXBuildFile section */

/* Begin PBXFileReference section */
		2CAEA4271EC57B4E009832FE /* Gallery.app */ = {isa = PBXFileReference; explicitFileType = wrapper.application; includeInIndex = 0; path = Gallery.app; sourceTree = BUILT_PRODUCTS_DIR; };
		2CAEA42A1EC57B4E009832FE /* AppDelegate.swift */ = {isa = PBXFileReference; lastKnownFileType = sourcecode.swift; path = AppDelegate.swift; sourceTree = "<group>"; };
		2CAEA42C1EC57B4E009832FE /* ViewController.swift */ = {isa = PBXFileReference; lastKnownFileType = sourcecode.swift; path = ViewController.swift; sourceTree = "<group>"; };
		2CAEA42F1EC57B4F009832FE /* Base */ = {isa = PBXFileReference; lastKnownFileType = file.storyboard; name = Base; path = Base.lproj/Main.storyboard; sourceTree = "<group>"; };
		2CAEA4321EC57B4F009832FE /* Gallery.xcdatamodel */ = {isa = PBXFileReference; lastKnownFileType = wrapper.xcdatamodel; path = Gallery.xcdatamodel; sourceTree = "<group>"; };
		2CAEA4341EC57B4F009832FE /* Assets.xcassets */ = {isa = PBXFileReference; lastKnownFileType = folder.assetcatalog; path = Assets.xcassets; sourceTree = "<group>"; };
		2CAEA4371EC57B4F009832FE /* Base */ = {isa = PBXFileReference; lastKnownFileType = file.storyboard; name = Base; path = Base.lproj/LaunchScreen.storyboard; sourceTree = "<group>"; };
		2CAEA4391EC57B4F009832FE /* Info.plist */ = {isa = PBXFileReference; lastKnownFileType = text.plist.xml; path = Info.plist; sourceTree = "<group>"; };
/* End PBXFileReference section */

/* Begin PBXFrameworksBuildPhase section */
		2CAEA4241EC57B4E009832FE /* Frameworks */ = {
			isa = PBXFrameworksBuildPhase;
			buildActionMask = 2147483647;
			files = (
			);
			runOnlyForDeploymentPostprocessing = 0;
		};
/* End PBXFrameworksBuildPhase section */

/* Begin PBXGroup section */
		2CAEA41E1EC57B4E009832FE = {
			isa = PBXGroup;
			children = (
				2CAEA4291EC57B4E009832FE /* Gallery */,
				2CAEA4281EC57B4E009832FE /* Products */,
			);
			sourceTree = "<group>";
		};
		2CAEA4281EC57B4E009832FE /* Products */ = {
			isa = PBXGroup;
			children = (
				2CAEA4271EC57B4E009832FE /* Gallery.app */,
			);
			name = Products;
			sourceTree = "<group>";
		};
		2CAEA4291EC57B4E009832FE /* Gallery */ = {
			isa = PBXGroup;
			children = (
				2CAEA42A1EC57B4E009832FE /* AppDelegate.swift */,
				2CAEA42C1EC57B4E009832FE /* ViewController.swift */,
				2CAEA42E1EC57B4F009832FE /* Main.storyboard */,
				2CAEA4341EC57B4F009832FE /* Assets.xcassets */,
				2CAEA4361EC57B4F009832FE /* LaunchScreen.storyboard */,
				2CAEA4391EC57B4F009832FE /* Info.plist */,
				2CAEA4311EC57B4F009832FE /* Gallery.xcdatamodeld */,
			);
			path = Gallery;
			sourceTree = "<group>";
		};
/* End PBXGroup section */

/* Begin PBXNativeTarget section */
		2CAEA4261EC57B4E009832FE /* Gallery */ = {
			isa = PBXNativeTarget;
			buildConfigurationList = 2CAEA43C1EC57B4F009832FE /* Build configuration list for PBXNativeTarget "Gallery" */;
			buildPhases = (
				2CAEA4231EC57B4E009832FE /* Sources */,
				2CAEA4241EC57B4E009832FE /* Frameworks */,
				2CAEA4251EC57B4E009832FE /* Resources */,
			);
			buildRules = (
			);
			dependencies = (
			);
			name = Gallery;
			productName = Gallery;
			productReference = 2CAEA4271EC57B4E009832FE /* Gallery.app */;
			productType = "com.apple.product-type.application";
		};
/* End PBXNativeTarget section */

/* Begin PBXProject section */
		2CAEA41F1EC57B4E009832FE /* Project object */ = {
			isa = PBXProject;
			attributes = {
				LastSwiftUpdateCheck = 0830;
				LastUpgradeCheck = 0830;
				ORGANIZATIONNAME = "Artem Makarov";
				TargetAttributes = {
					2CAEA4261EC57B4E009832FE = {
						CreatedOnToolsVersion = 8.3.2;
						DevelopmentTeam = 8EK7FJVBLD;
						ProvisioningStyle = Automatic;
					};
				};
			};
			buildConfigurationList = 2CAEA4221EC57B4E009832FE /* Build configuration list for PBXProject "Gallery" */;
			compatibilityVersion = "Xcode 3.2";
			developmentRegion = English;
			hasScannedForEncodings = 0;
			knownRegions = (
				en,
				Base,
			);
			mainGroup = 2CAEA41E1EC57B4E009832FE;
			productRefGroup = 2CAEA4281EC57B4E009832FE /* Products */;
			projectDirPath = "";
			projectRoot = "";
			targets = (
				2CAEA4261EC57B4E009832FE /* Gallery */,
			);
		};
/* End PBXProject section */

/* Begin PBXResourcesBuildPhase section */
		2CAEA4251EC57B4E009832FE /* Resources */ = {
			isa = PBXResourcesBuildPhase;
			buildActionMask = 2147483647;
			files = (
				2CAEA4381EC57B4F009832FE /* LaunchScreen.storyboard in Resources */,
				2CAEA4351EC57B4F009832FE /* Assets.xcassets in Resources */,
				2CAEA4301EC57B4F009832FE /* Main.storyboard in Resources */,
			);
			runOnlyForDeploymentPostprocessing = 0;
		};
/* End PBXResourcesBuildPhase section */

/* Begin PBXSourcesBuildPhase section */
		2CAEA4231EC57B4E009832FE /* Sources */ = {
			isa = PBXSourcesBuildPhase;
			buildActionMask = 2147483647;
			files = (
				2CAEA4331EC57B4F009832FE /* Gallery.xcdatamodeld in Sources */,
				2CAEA42D1EC57B4E009832FE /* ViewController.swift in Sources */,
				2CAEA42B1EC57B4E009832FE /* AppDelegate.swift in Sources */,
			);
			runOnlyForDeploymentPostprocessing = 0;
		};
/* End PBXSourcesBuildPhase section */

/* Begin PBXVariantGroup section */
		2CAEA42E1EC57B4F009832FE /* Main.storyboard */ = {
			isa = PBXVariantGroup;
			children = (
				2CAEA42F1EC57B4F009832FE /* Base */,
			);
			name = Main.storyboard;
			sourceTree = "<group>";
		};
		2CAEA4361EC57B4F009832FE /* LaunchScreen.storyboard */ = {
			isa = PBXVariantGroup;
			children = (
				2CAEA4371EC57B4F009832FE /* Base */,
			);
			name = LaunchScreen.storyboard;
			sourceTree = "<group>";
		};
/* End PBXVariantGroup section */

/* Begin XCBuildConfiguration section */
		2CAEA43A1EC57B4F009832FE /* Debug */ = {
			isa = XCBuildConfiguration;
			buildSettings = {
				ALWAYS_SEARCH_USER_PATHS = NO;
				CLANG_ANALYZER_NONNULL = YES;
				CLANG_ANALYZER_NUMBER_OBJECT_CONVERSION = YES_AGGRESSIVE;
				CLANG_CXX_LANGUAGE_STANDARD = "gnu++0x";
				CLANG_CXX_LIBRARY = "libc++";
				CLANG_ENABLE_MODULES = YES;
				CLANG_ENABLE_OBJC_ARC = YES;
				CLANG_WARN_BOOL_CONVERSION = YES;
				CLANG_WARN_CONSTANT_CONVERSION = YES;
				CLANG_WARN_DIRECT_OBJC_ISA_USAGE = YES_ERROR;
				CLANG_WARN_DOCUMENTATION_COMMENTS = YES;
				CLANG_WARN_EMPTY_BODY = YES;
				CLANG_WARN_ENUM_CONVERSION = YES;
				CLANG_WARN_INFINITE_RECURSION = YES;
				CLANG_WARN_INT_CONVERSION = YES;
				CLANG_WARN_OBJC_ROOT_CLASS = YES_ERROR;
				CLANG_WARN_SUSPICIOUS_MOVE = YES;
				CLANG_WARN_UNREACHABLE_CODE = YES;
				CLANG_WARN__DUPLICATE_METHOD_MATCH = YES;
				"CODE_SIGN_IDENTITY[sdk=iphoneos*]" = "iPhone Developer";
				COPY_PHASE_STRIP = NO;
				DEBUG_INFORMATION_FORMAT = dwarf;
				ENABLE_STRICT_OBJC_MSGSEND = YES;
				ENABLE_TESTABILITY = YES;
				GCC_C_LANGUAGE_STANDARD = gnu99;
				GCC_DYNAMIC_NO_PIC = NO;
				GCC_NO_COMMON_BLOCKS = YES;
				GCC_OPTIMIZATION_LEVEL = 0;
				GCC_PREPROCESSOR_DEFINITIONS = (
					"DEBUG=1",
					"$(inherited)",
				);
				GCC_WARN_64_TO_32_BIT_CONVERSION = YES;
				GCC_WARN_ABOUT_RETURN_TYPE = YES_ERROR;
				GCC_WARN_UNDECLARED_SELECTOR = YES;
				GCC_WARN_UNINITIALIZED_AUTOS = YES_AGGRESSIVE;
				GCC_WARN_UNUSED_FUNCTION = YES;
				GCC_WARN_UNUSED_VARIABLE = YES;
				IPHONEOS_DEPLOYMENT_TARGET = 10.3;
				MTL_ENABLE_DEBUG_INFO = YES;
				ONLY_ACTIVE_ARCH = YES;
				SDKROOT = iphoneos;
				SWIFT_ACTIVE_COMPILATION_CONDITIONS = DEBUG;
				SWIFT_OPTIMIZATION_LEVEL = "-Onone";
			};
			name = Debug;
		};
		2CAEA43B1EC57B4F009832FE /* Release */ = {
			isa = XCBuildConfiguration;
			buildSettings = {
				ALWAYS_SEARCH_USER_PATHS = NO;
				CLANG_ANALYZER_NONNULL = YES;
				CLANG_ANALYZER_NUMBER_OBJECT_CONVERSION = YES_AGGRESSIVE;
				CLANG_CXX_LANGUAGE_STANDARD = "gnu++0x";
				CLANG_CXX_LIBRARY = "libc++";
				CLANG_ENABLE_MODULES = YES;
				CLANG_ENABLE_OBJC_ARC = YES;
				CLANG_WARN_BOOL_CONVERSION = YES;
				CLANG_WARN_CONSTANT_CONVERSION = YES;
				CLANG_WARN_DIRECT_OBJC_ISA_USAGE = YES_ERROR;
				CLANG_WARN_DOCUMENTATION_COMMENTS = YES;
				CLANG_WARN_EMPTY_BODY = YES;
				CLANG_WARN_ENUM_CONVERSION = YES;
				CLANG_WARN_INFINITE_RECURSION = YES;
				CLANG_WARN_INT_CONVERSION = YES;
				CLANG_WARN_OBJC_ROOT_CLASS = YES_ERROR;
				CLANG_WARN_SUSPICIOUS_MOVE = YES;
				CLANG_WARN_UNREACHABLE_CODE = YES;
				CLANG_WARN__DUPLICATE_METHOD_MATCH = YES;
				"CODE_SIGN_IDENTITY[sdk=iphoneos*]" = "iPhone Developer";
				COPY_PHASE_STRIP = NO;
				DEBUG_INFORMATION_FORMAT = "dwarf-with-dsym";
				ENABLE_NS_ASSERTIONS = NO;
				ENABLE_STRICT_OBJC_MSGSEND = YES;
				GCC_C_LANGUAGE_STANDARD = gnu99;
				GCC_NO_COMMON_BLOCKS = YES;
				GCC_WARN_64_TO_32_BIT_CONVERSION = YES;
				GCC_WARN_ABOUT_RETURN_TYPE = YES_ERROR;
				GCC_WARN_UNDECLARED_SELECTOR = YES;
				GCC_WARN_UNINITIALIZED_AUTOS = YES_AGGRESSIVE;
				GCC_WARN_UNUSED_FUNCTION = YES;
				GCC_WARN_UNUSED_VARIABLE = YES;
				IPHONEOS_DEPLOYMENT_TARGET = 10.3;
				MTL_ENABLE_DEBUG_INFO = NO;
				SDKROOT = iphoneos;
				SWIFT_OPTIMIZATION_LEVEL = "-Owholemodule";
				VALIDATE_PRODUCT = YES;
			};
			name = Release;
		};
		2CAEA43D1EC57B4F009832FE /* Debug */ = {
			isa = XCBuildConfiguration;
			buildSettings = {
				ASSETCATALOG_COMPILER_APPICON_NAME = AppIcon;
				DEVELOPMENT_TEAM = 8EK7FJVBLD;
				INFOPLIST_FILE = Gallery/Info.plist;
				LD_RUNPATH_SEARCH_PATHS = "$(inherited) @executable_path/Frameworks";
				PRODUCT_BUNDLE_IDENTIFIER = Makaroff.Gallery;
				PRODUCT_NAME = "$(TARGET_NAME)";
				SWIFT_VERSION = 3.0;
			};
			name = Debug;
		};
		2CAEA43E1EC57B4F009832FE /* Release */ = {
			isa = XCBuildConfiguration;
			buildSettings = {
				ASSETCATALOG_COMPILER_APPICON_NAME = AppIcon;
				DEVELOPMENT_TEAM = 8EK7FJVBLD;
				INFOPLIST_FILE = Gallery/Info.plist;
				LD_RUNPATH_SEARCH_PATHS = "$(inherited) @executable_path/Frameworks";
				PRODUCT_BUNDLE_IDENTIFIER = Makaroff.Gallery;
				PRODUCT_NAME = "$(TARGET_NAME)";
				SWIFT_VERSION = 3.0;
			};
			name = Release;
		};
/* End XCBuildConfiguration section */

/* Begin XCConfigurationList section */
		2CAEA4221EC57B4E009832FE /* Build configuration list for PBXProject "Gallery" */ = {
			isa = XCConfigurationList;
			buildConfigurations = (
				2CAEA43A1EC57B4F009832FE /* Debug */,
				2CAEA43B1EC57B4F009832FE /* Release */,
			);
			defaultConfigurationIsVisible = 0;
			defaultConfigurationName = Release;
		};
		2CAEA43C1EC57B4F009832FE /* Build configuration list for PBXNativeTarget "Gallery" */ = {
			isa = XCConfigurationList;
			buildConfigurations = (
				2CAEA43D1EC57B4F009832FE /* Debug */,
				2CAEA43E1EC57B4F009832FE /* Release */,
			);
			defaultConfigurationIsVisible = 0;
		};
/* End XCConfigurationList section */

/* Begin XCVersionGroup section */
		2CAEA4311EC57B4F009832FE /* Gallery.xcdatamodeld */ = {
			isa = XCVersionGroup;
			children = (
				2CAEA4321EC57B4F009832FE /* Gallery.xcdatamodel */,
			);
			currentVersion = 2CAEA4321EC57B4F009832FE /* Gallery.xcdatamodel */;
			path = Gallery.xcdatamodeld;
			sourceTree = "<group>";
			versionGroupType = wrapper.xcdatamodel;
		};
/* End XCVersionGroup section */
	};
	rootObject = 2CAEA41F1EC57B4E009832FE /* Project object */;
}
